
Microsoft Visual Studio Solution File, Format Version 12.00
Project("{FAE04EC0-301F-11D3-BF4B-00C04F79EFBC}") = "Lab4", "Lab4\Lab4.csproj", "{9499E6F4-2D0C-4F61-B8CF-2E8479611E8A}"
EndProject
Global
	GlobalSection(SolutionConfigurationPlatforms) = preSolution
		Debug|Any CPU = Debug|Any CPU
		Release|Any CPU = Release|Any CPU
	EndGlobalSection
	GlobalSection(ProjectConfigurationPlatforms) = postSolution
		{9499E6F4-2D0C-4F61-B8CF-2E8479611E8A}.Debug|Any CPU.ActiveCfg = Debug|Any CPU
		{9499E6F4-2D0C-4F61-B8CF-2E8479611E8A}.Debug|Any CPU.Build.0 = Debug|Any CPU
		{9499E6F4-2D0C-4F61-B8CF-2E8479611E8A}.Release|Any CPU.ActiveCfg = Release|Any CPU
		{9499E6F4-2D0C-4F61-B8CF-2E8479611E8A}.Release|Any CPU.Build.0 = Release|Any CPU
	EndGlobalSection
EndGlobal
